
Microsoft Visual Studio Solution File, Format Version 11.00
# Visual Studio 2010
Project("{FAE04EC0-301F-11D3-BF4B-00C04F79EFBC}") = "ImdbClientApp", "ImdbClientApp\ImdbClientApp.csproj", "{F552A331-D5A2-4945-A0DC-F42524F10766}"
EndProject
Project("{FAE04EC0-301F-11D3-BF4B-00C04F79EFBC}") = "ImdbClientInterface", "ImdbClientInterface\ImdbClientInterface.csproj", "{528DC4EF-C8DF-49FD-9D10-E29BA611943E}"
EndProject
Project("{FAE04EC0-301F-11D3-BF4B-00C04F79EFBC}") = "ImdbClientInterfaceTest", "ImdbClientInterfaceTest\ImdbClientInterfaceTest.csproj", "{1604BC52-FF5A-4138-B908-5F82829EAF88}"
EndProject
Project("{2150E333-8FDC-42A3-9474-1A3956D46DE8}") = "Solution Items", "Solution Items", "{4B5D94D3-4B95-401D-8373-2187812B9ADD}"
	ProjectSection(SolutionItems) = preProject
		ImdbClientApp.vsmdi = ImdbClientApp.vsmdi
		Local.testsettings = Local.testsettings
		TraceAndTestImpact.testsettings = TraceAndTestImpact.testsettings
	EndProjectSection
EndProject
Project("{FAE04EC0-301F-11D3-BF4B-00C04F79EFBC}") = "ImdbClientAppMVVM", "ImdbClientAppMVVM\ImdbClientAppMVVM.csproj", "{F1330B54-C771-41B4-96BA-A2292C390A13}"
EndProject
Global
	GlobalSection(TestCaseManagementSettings) = postSolution
		CategoryFile = ImdbClientApp.vsmdi
	EndGlobalSection
	GlobalSection(SolutionConfigurationPlatforms) = preSolution
		Debug|Any CPU = Debug|Any CPU
		Debug|Mixed Platforms = Debug|Mixed Platforms
		Debug|x86 = Debug|x86
		Release|Any CPU = Release|Any CPU
		Release|Mixed Platforms = Release|Mixed Platforms
		Release|x86 = Release|x86
	EndGlobalSection
	GlobalSection(ProjectConfigurationPlatforms) = postSolution
		{F552A331-D5A2-4945-A0DC-F42524F10766}.Debug|Any CPU.ActiveCfg = Debug|x86
		{F552A331-D5A2-4945-A0DC-F42524F10766}.Debug|Mixed Platforms.ActiveCfg = Debug|x86
		{F552A331-D5A2-4945-A0DC-F42524F10766}.Debug|Mixed Platforms.Build.0 = Debug|x86
		{F552A331-D5A2-4945-A0DC-F42524F10766}.Debug|x86.ActiveCfg = Debug|x86
		{F552A331-D5A2-4945-A0DC-F42524F10766}.Debug|x86.Build.0 = Debug|x86
		{F552A331-D5A2-4945-A0DC-F42524F10766}.Release|Any CPU.ActiveCfg = Release|x86
		{F552A331-D5A2-4945-A0DC-F42524F10766}.Release|Mixed Platforms.ActiveCfg = Release|x86
		{F552A331-D5A2-4945-A0DC-F42524F10766}.Release|Mixed Platforms.Build.0 = Release|x86
		{F552A331-D5A2-4945-A0DC-F42524F10766}.Release|x86.ActiveCfg = Release|x86
		{F552A331-D5A2-4945-A0DC-F42524F10766}.Release|x86.Build.0 = Release|x86
		{528DC4EF-C8DF-49FD-9D10-E29BA611943E}.Debug|Any CPU.ActiveCfg = Debug|Any CPU
		{528DC4EF-C8DF-49FD-9D10-E29BA611943E}.Debug|Any CPU.Build.0 = Debug|Any CPU
		{528DC4EF-C8DF-49FD-9D10-E29BA611943E}.Debug|Mixed Platforms.ActiveCfg = Debug|Any CPU
		{528DC4EF-C8DF-49FD-9D10-E29BA611943E}.Debug|Mixed Platforms.Build.0 = Debug|Any CPU
		{528DC4EF-C8DF-49FD-9D10-E29BA611943E}.Debug|x86.ActiveCfg = Debug|Any CPU
		{528DC4EF-C8DF-49FD-9D10-E29BA611943E}.Release|Any CPU.ActiveCfg = Release|Any CPU
		{528DC4EF-C8DF-49FD-9D10-E29BA611943E}.Release|Any CPU.Build.0 = Release|Any CPU
		{528DC4EF-C8DF-49FD-9D10-E29BA611943E}.Release|Mixed Platforms.ActiveCfg = Release|Any CPU
		{528DC4EF-C8DF-49FD-9D10-E29BA611943E}.Release|Mixed Platforms.Build.0 = Release|Any CPU
		{528DC4EF-C8DF-49FD-9D10-E29BA611943E}.Release|x86.ActiveCfg = Release|Any CPU
		{1604BC52-FF5A-4138-B908-5F82829EAF88}.Debug|Any CPU.ActiveCfg = Debug|Any CPU
		{1604BC52-FF5A-4138-B908-5F82829EAF88}.Debug|Any CPU.Build.0 = Debug|Any CPU
		{1604BC52-FF5A-4138-B908-5F82829EAF88}.Debug|Mixed Platforms.ActiveCfg = Debug|Any CPU
		{1604BC52-FF5A-4138-B908-5F82829EAF88}.Debug|Mixed Platforms.Build.0 = Debug|Any CPU
		{1604BC52-FF5A-4138-B908-5F82829EAF88}.Debug|x86.ActiveCfg = Debug|Any CPU
		{1604BC52-FF5A-4138-B908-5F82829EAF88}.Release|Any CPU.ActiveCfg = Release|Any CPU
		{1604BC52-FF5A-4138-B908-5F82829EAF88}.Release|Any CPU.Build.0 = Release|Any CPU
		{1604BC52-FF5A-4138-B908-5F82829EAF88}.Release|Mixed Platforms.ActiveCfg = Release|Any CPU
		{1604BC52-FF5A-4138-B908-5F82829EAF88}.Release|Mixed Platforms.Build.0 = Release|Any CPU
		{1604BC52-FF5A-4138-B908-5F82829EAF88}.Release|x86.ActiveCfg = Release|Any CPU
		{F1330B54-C771-41B4-96BA-A2292C390A13}.Debug|Any CPU.ActiveCfg = Debug|x86
		{F1330B54-C771-41B4-96BA-A2292C390A13}.Debug|Mixed Platforms.ActiveCfg = Debug|x86
		{F1330B54-C771-41B4-96BA-A2292C390A13}.Debug|Mixed Platforms.Build.0 = Debug|x86
		{F1330B54-C771-41B4-96BA-A2292C390A13}.Debug|x86.ActiveCfg = Debug|x86
		{F1330B54-C771-41B4-96BA-A2292C390A13}.Debug|x86.Build.0 = Debug|x86
		{F1330B54-C771-41B4-96BA-A2292C390A13}.Release|Any CPU.ActiveCfg = Release|x86
		{F1330B54-C771-41B4-96BA-A2292C390A13}.Release|Mixed Platforms.ActiveCfg = Release|x86
		{F1330B54-C771-41B4-96BA-A2292C390A13}.Release|Mixed Platforms.Build.0 = Release|x86
		{F1330B54-C771-41B4-96BA-A2292C390A13}.Release|x86.ActiveCfg = Release|x86
		{F1330B54-C771-41B4-96BA-A2292C390A13}.Release|x86.Build.0 = Release|x86
	EndGlobalSection
	GlobalSection(SolutionProperties) = preSolution
		HideSolutionNode = FALSE
	EndGlobalSection
EndGlobal
